
Microsoft Visual Studio Solution File, Format Version 12.00
# Visual Studio Version 17
VisualStudioVersion = 17.7.34031.279
MinimumVisualStudioVersion = 10.0.40219.1
Project("{FAE04EC0-301F-11D3-BF4B-00C04F79EFBC}") = "E-librarymanagment", "E-librarymanagment.csproj", "{A5E0F17A-939A-4608-B835-65A14CADBB51}"
EndProject
Global
	GlobalSection(SolutionConfigurationPlatforms) = preSolution
		Debug|Any CPU = Debug|Any CPU
		Release|Any CPU = Release|Any CPU
	EndGlobalSection
	GlobalSection(ProjectConfigurationPlatforms) = postSolution
		{A5E0F17A-939A-4608-B835-65A14CADBB51}.Debug|Any CPU.ActiveCfg = Debug|Any CPU
		{A5E0F17A-939A-4608-B835-65A14CADBB51}.Debug|Any CPU.Build.0 = Debug|Any CPU
		{A5E0F17A-939A-4608-B835-65A14CADBB51}.Release|Any CPU.ActiveCfg = Release|Any CPU
		{A5E0F17A-939A-4608-B835-65A14CADBB51}.Release|Any CPU.Build.0 = Release|Any CPU
	EndGlobalSection
	GlobalSection(SolutionProperties) = preSolution
		HideSolutionNode = FALSE
	EndGlobalSection
	GlobalSection(ExtensibilityGlobals) = postSolution
		SolutionGuid = {324333EC-1C99-4F51-A2C0-F881CED56176}
	EndGlobalSection
EndGlobal
